// !$*UTF8*$!
{
	archiveVersion = 1;
	classes = {
	};
	objectVersion = 46;
	objects = {

/* Begin PBXBuildFile section */
		BB1225391EE58E0D007CB841 /* MVVMSampleTests.swift in Sources */ = {isa = PBXBuildFile; fileRef = BB1225381EE58E0D007CB841 /* MVVMSampleTests.swift */; };
		BB1225471EE58E2A007CB841 /* MVVMSampleUITests.swift in Sources */ = {isa = PBXBuildFile; fileRef = BB1225461EE58E2A007CB841 /* MVVMSampleUITests.swift */; };
		BB1225531EE59294007CB841 /* ViewController.swift in Sources */ = {isa = PBXBuildFile; fileRef = BB9896A41ECDAA0900A35DEC /* ViewController.swift */; };
		BB1225541EE59294007CB841 /* ViewController.swift in Sources */ = {isa = PBXBuildFile; fileRef = BB9896A41ECDAA0900A35DEC /* ViewController.swift */; };
		BB1225551EE59297007CB841 /* AddNewToDoVC.swift in Sources */ = {isa = PBXBuildFile; fileRef = BB9896C61ECDCE7800A35DEC /* AddNewToDoVC.swift */; };
		BB1225561EE59298007CB841 /* AddNewToDoVC.swift in Sources */ = {isa = PBXBuildFile; fileRef = BB9896C61ECDCE7800A35DEC /* AddNewToDoVC.swift */; };
		BB1225571EE5929B007CB841 /* Date+Extensions.swift in Sources */ = {isa = PBXBuildFile; fileRef = BB9896C41ECDCBEA00A35DEC /* Date+Extensions.swift */; };
		BB1225581EE5929C007CB841 /* Date+Extensions.swift in Sources */ = {isa = PBXBuildFile; fileRef = BB9896C41ECDCBEA00A35DEC /* Date+Extensions.swift */; };
		BB1225591EE5929F007CB841 /* ToDoItem.swift in Sources */ = {isa = PBXBuildFile; fileRef = BB9896B81ECDBA4400A35DEC /* ToDoItem.swift */; };
		BB12255A1EE592A0007CB841 /* ToDoItem.swift in Sources */ = {isa = PBXBuildFile; fileRef = BB9896B81ECDBA4400A35DEC /* ToDoItem.swift */; };
		BB12255B1EE592A4007CB841 /* CellRepresentable.swift in Sources */ = {isa = PBXBuildFile; fileRef = BB9896BA1ECDBCD900A35DEC /* CellRepresentable.swift */; };
		BB12255C1EE592A4007CB841 /* CellRepresentable.swift in Sources */ = {isa = PBXBuildFile; fileRef = BB9896BA1ECDBCD900A35DEC /* CellRepresentable.swift */; };
		BB12255D1EE592A8007CB841 /* ItemCell.swift in Sources */ = {isa = PBXBuildFile; fileRef = BB174F051ECEEEE8001798FC /* ItemCell.swift */; };
		BB12255E1EE592A9007CB841 /* ItemCell.swift in Sources */ = {isa = PBXBuildFile; fileRef = BB174F051ECEEEE8001798FC /* ItemCell.swift */; };
		BB12255F1EE592AC007CB841 /* AppDelegate.swift in Sources */ = {isa = PBXBuildFile; fileRef = BB9896A21ECDAA0900A35DEC /* AppDelegate.swift */; };
		BB1225601EE592AD007CB841 /* AppDelegate.swift in Sources */ = {isa = PBXBuildFile; fileRef = BB9896A21ECDAA0900A35DEC /* AppDelegate.swift */; };
		BB174F071ECEEEE8001798FC /* ItemCell.swift in Sources */ = {isa = PBXBuildFile; fileRef = BB174F051ECEEEE8001798FC /* ItemCell.swift */; };
		BB174F081ECEEEE8001798FC /* ItemCell.xib in Resources */ = {isa = PBXBuildFile; fileRef = BB174F061ECEEEE8001798FC /* ItemCell.xib */; };
		BB9896A31ECDAA0900A35DEC /* AppDelegate.swift in Sources */ = {isa = PBXBuildFile; fileRef = BB9896A21ECDAA0900A35DEC /* AppDelegate.swift */; };
		BB9896A51ECDAA0900A35DEC /* ViewController.swift in Sources */ = {isa = PBXBuildFile; fileRef = BB9896A41ECDAA0900A35DEC /* ViewController.swift */; };
		BB9896A81ECDAA0900A35DEC /* Main.storyboard in Resources */ = {isa = PBXBuildFile; fileRef = BB9896A61ECDAA0900A35DEC /* Main.storyboard */; };
		BB9896AA1ECDAA0900A35DEC /* Assets.xcassets in Resources */ = {isa = PBXBuildFile; fileRef = BB9896A91ECDAA0900A35DEC /* Assets.xcassets */; };
		BB9896AD1ECDAA0900A35DEC /* LaunchScreen.storyboard in Resources */ = {isa = PBXBuildFile; fileRef = BB9896AB1ECDAA0900A35DEC /* LaunchScreen.storyboard */; };
		BB9896B91ECDBA4400A35DEC /* ToDoItem.swift in Sources */ = {isa = PBXBuildFile; fileRef = BB9896B81ECDBA4400A35DEC /* ToDoItem.swift */; };
		BB9896BB1ECDBCD900A35DEC /* CellRepresentable.swift in Sources */ = {isa = PBXBuildFile; fileRef = BB9896BA1ECDBCD900A35DEC /* CellRepresentable.swift */; };
		BB9896C51ECDCBEA00A35DEC /* Date+Extensions.swift in Sources */ = {isa = PBXBuildFile; fileRef = BB9896C41ECDCBEA00A35DEC /* Date+Extensions.swift */; };
		BB9896C71ECDCE7800A35DEC /* AddNewToDoVC.swift in Sources */ = {isa = PBXBuildFile; fileRef = BB9896C61ECDCE7800A35DEC /* AddNewToDoVC.swift */; };
/* End PBXBuildFile section */

/* Begin PBXContainerItemProxy section */
		BB12253B1EE58E0D007CB841 /* PBXContainerItemProxy */ = {
			isa = PBXContainerItemProxy;
			containerPortal = BB9896971ECDAA0900A35DEC /* Project object */;
			proxyType = 1;
			remoteGlobalIDString = BB98969E1ECDAA0900A35DEC;
			remoteInfo = MVVMSample;
		};
		BB1225491EE58E2A007CB841 /* PBXContainerItemProxy */ = {
			isa = PBXContainerItemProxy;
			containerPortal = BB9896971ECDAA0900A35DEC /* Project object */;
			proxyType = 1;
			remoteGlobalIDString = BB98969E1ECDAA0900A35DEC;
			remoteInfo = MVVMSample;
		};
/* End PBXContainerItemProxy section */

/* Begin PBXFileReference section */
		BB1225361EE58E0D007CB841 /* MVVMSampleTests.xctest */ = {isa = PBXFileReference; explicitFileType = wrapper.cfbundle; includeInIndex = 0; path = MVVMSampleTests.xctest; sourceTree = BUILT_PRODUCTS_DIR; };
		BB1225381EE58E0D007CB841 /* MVVMSampleTests.swift */ = {isa = PBXFileReference; lastKnownFileType = sourcecode.swift; path = MVVMSampleTests.swift; sourceTree = "<group>"; };
		BB12253A1EE58E0D007CB841 /* Info.plist */ = {isa = PBXFileReference; lastKnownFileType = text.plist.xml; path = Info.plist; sourceTree = "<group>"; };
		BB1225441EE58E2A007CB841 /* MVVMSampleUITests.xctest */ = {isa = PBXFileReference; explicitFileType = wrapper.cfbundle; includeInIndex = 0; path = MVVMSampleUITests.xctest; sourceTree = BUILT_PRODUCTS_DIR; };
		BB1225461EE58E2A007CB841 /* MVVMSampleUITests.swift */ = {isa = PBXFileReference; lastKnownFileType = sourcecode.swift; path = MVVMSampleUITests.swift; sourceTree = "<group>"; };
		BB1225481EE58E2A007CB841 /* Info.plist */ = {isa = PBXFileReference; lastKnownFileType = text.plist.xml; path = Info.plist; sourceTree = "<group>"; };
		BB174F051ECEEEE8001798FC /* ItemCell.swift */ = {isa = PBXFileReference; fileEncoding = 4; lastKnownFileType = sourcecode.swift; path = ItemCell.swift; sourceTree = "<group>"; };
		BB174F061ECEEEE8001798FC /* ItemCell.xib */ = {isa = PBXFileReference; fileEncoding = 4; lastKnownFileType = file.xib; path = ItemCell.xib; sourceTree = "<group>"; };
		BB98969F1ECDAA0900A35DEC /* MVVMSample.app */ = {isa = PBXFileReference; explicitFileType = wrapper.application; includeInIndex = 0; path = MVVMSample.app; sourceTree = BUILT_PRODUCTS_DIR; };
		BB9896A21ECDAA0900A35DEC /* AppDelegate.swift */ = {isa = PBXFileReference; lastKnownFileType = sourcecode.swift; path = AppDelegate.swift; sourceTree = "<group>"; };
		BB9896A41ECDAA0900A35DEC /* ViewController.swift */ = {isa = PBXFileReference; lastKnownFileType = sourcecode.swift; path = ViewController.swift; sourceTree = "<group>"; };
		BB9896A71ECDAA0900A35DEC /* Base */ = {isa = PBXFileReference; lastKnownFileType = file.storyboard; name = Base; path = Base.lproj/Main.storyboard; sourceTree = "<group>"; };
		BB9896A91ECDAA0900A35DEC /* Assets.xcassets */ = {isa = PBXFileReference; lastKnownFileType = folder.assetcatalog; path = Assets.xcassets; sourceTree = "<group>"; };
		BB9896AC1ECDAA0900A35DEC /* Base */ = {isa = PBXFileReference; lastKnownFileType = file.storyboard; name = Base; path = Base.lproj/LaunchScreen.storyboard; sourceTree = "<group>"; };
		BB9896AE1ECDAA0900A35DEC /* Info.plist */ = {isa = PBXFileReference; lastKnownFileType = text.plist.xml; path = Info.plist; sourceTree = "<group>"; };
		BB9896B81ECDBA4400A35DEC /* ToDoItem.swift */ = {isa = PBXFileReference; fileEncoding = 4; lastKnownFileType = sourcecode.swift; path = ToDoItem.swift; sourceTree = "<group>"; };
		BB9896BA1ECDBCD900A35DEC /* CellRepresentable.swift */ = {isa = PBXFileReference; fileEncoding = 4; lastKnownFileType = sourcecode.swift; path = CellRepresentable.swift; sourceTree = "<group>"; };
		BB9896C41ECDCBEA00A35DEC /* Date+Extensions.swift */ = {isa = PBXFileReference; fileEncoding = 4; lastKnownFileType = sourcecode.swift; path = "Date+Extensions.swift"; sourceTree = "<group>"; };
		BB9896C61ECDCE7800A35DEC /* AddNewToDoVC.swift */ = {isa = PBXFileReference; fileEncoding = 4; lastKnownFileType = sourcecode.swift; path = AddNewToDoVC.swift; sourceTree = "<group>"; };
/* End PBXFileReference section */

/* Begin PBXFrameworksBuildPhase section */
		BB1225331EE58E0D007CB841 /* Frameworks */ = {
			isa = PBXFrameworksBuildPhase;
			buildActionMask = 2147483647;
			files = (
			);
			runOnlyForDeploymentPostprocessing = 0;
		};
		BB1225411EE58E2A007CB841 /* Frameworks */ = {
			isa = PBXFrameworksBuildPhase;
			buildActionMask = 2147483647;
			files = (
			);
			runOnlyForDeploymentPostprocessing = 0;
		};
		BB98969C1ECDAA0900A35DEC /* Frameworks */ = {
			isa = PBXFrameworksBuildPhase;
			buildActionMask = 2147483647;
			files = (
			);
			runOnlyForDeploymentPostprocessing = 0;
		};
/* End PBXFrameworksBuildPhase section */

/* Begin PBXGroup section */
		BB1225371EE58E0D007CB841 /* MVVMSampleTests */ = {
			isa = PBXGroup;
			children = (
				BB1225381EE58E0D007CB841 /* MVVMSampleTests.swift */,
				BB12253A1EE58E0D007CB841 /* Info.plist */,
			);
			path = MVVMSampleTests;
			sourceTree = "<group>";
		};
		BB1225451EE58E2A007CB841 /* MVVMSampleUITests */ = {
			isa = PBXGroup;
			children = (
				BB1225461EE58E2A007CB841 /* MVVMSampleUITests.swift */,
				BB1225481EE58E2A007CB841 /* Info.plist */,
			);
			path = MVVMSampleUITests;
			sourceTree = "<group>";
		};
		BB9896961ECDAA0900A35DEC = {
			isa = PBXGroup;
			children = (
				BB9896A11ECDAA0900A35DEC /* MVVMSample */,
				BB1225371EE58E0D007CB841 /* MVVMSampleTests */,
				BB1225451EE58E2A007CB841 /* MVVMSampleUITests */,
				BB9896A01ECDAA0900A35DEC /* Products */,
			);
			sourceTree = "<group>";
		};
		BB9896A01ECDAA0900A35DEC /* Products */ = {
			isa = PBXGroup;
			children = (
				BB98969F1ECDAA0900A35DEC /* MVVMSample.app */,
				BB1225361EE58E0D007CB841 /* MVVMSampleTests.xctest */,
				BB1225441EE58E2A007CB841 /* MVVMSampleUITests.xctest */,
			);
			name = Products;
			sourceTree = "<group>";
		};
		BB9896A11ECDAA0900A35DEC /* MVVMSample */ = {
			isa = PBXGroup;
			children = (
				BB9896C81ECDCE8200A35DEC /* Views */,
				BB9896C31ECDCB9A00A35DEC /* Extensions */,
				BB9896BC1ECDBE9F00A35DEC /* Cells */,
				BB9896B71ECDBA2F00A35DEC /* Models */,
				BB9896A21ECDAA0900A35DEC /* AppDelegate.swift */,
				BB9896A61ECDAA0900A35DEC /* Main.storyboard */,
				BB9896A91ECDAA0900A35DEC /* Assets.xcassets */,
				BB9896AB1ECDAA0900A35DEC /* LaunchScreen.storyboard */,
				BB9896AE1ECDAA0900A35DEC /* Info.plist */,
			);
			path = MVVMSample;
			sourceTree = "<group>";
		};
		BB9896B71ECDBA2F00A35DEC /* Models */ = {
			isa = PBXGroup;
			children = (
				BB9896B81ECDBA4400A35DEC /* ToDoItem.swift */,
				BB9896BA1ECDBCD900A35DEC /* CellRepresentable.swift */,
			);
			name = Models;
			sourceTree = "<group>";
		};
		BB9896BC1ECDBE9F00A35DEC /* Cells */ = {
			isa = PBXGroup;
			children = (
				BB174F051ECEEEE8001798FC /* ItemCell.swift */,
				BB174F061ECEEEE8001798FC /* ItemCell.xib */,
			);
			name = Cells;
			sourceTree = "<group>";
		};
		BB9896C31ECDCB9A00A35DEC /* Extensions */ = {
			isa = PBXGroup;
			children = (
				BB9896C41ECDCBEA00A35DEC /* Date+Extensions.swift */,
			);
			name = Extensions;
			sourceTree = "<group>";
		};
		BB9896C81ECDCE8200A35DEC /* Views */ = {
			isa = PBXGroup;
			children = (
				BB9896A41ECDAA0900A35DEC /* ViewController.swift */,
				BB9896C61ECDCE7800A35DEC /* AddNewToDoVC.swift */,
			);
			name = Views;
			sourceTree = "<group>";
		};
/* End PBXGroup section */

/* Begin PBXNativeTarget section */
		BB1225351EE58E0D007CB841 /* MVVMSampleTests */ = {
			isa = PBXNativeTarget;
			buildConfigurationList = BB12253F1EE58E0D007CB841 /* Build configuration list for PBXNativeTarget "MVVMSampleTests" */;
			buildPhases = (
				BB1225321EE58E0D007CB841 /* Sources */,
				BB1225331EE58E0D007CB841 /* Frameworks */,
				BB1225341EE58E0D007CB841 /* Resources */,
			);
			buildRules = (
			);
			dependencies = (
				BB12253C1EE58E0D007CB841 /* PBXTargetDependency */,
			);
			name = MVVMSampleTests;
			productName = MVVMSampleTests;
			productReference = BB1225361EE58E0D007CB841 /* MVVMSampleTests.xctest */;
			productType = "com.apple.product-type.bundle.unit-test";
		};
		BB1225431EE58E2A007CB841 /* MVVMSampleUITests */ = {
			isa = PBXNativeTarget;
			buildConfigurationList = BB12254B1EE58E2A007CB841 /* Build configuration list for PBXNativeTarget "MVVMSampleUITests" */;
			buildPhases = (
				BB1225401EE58E2A007CB841 /* Sources */,
				BB1225411EE58E2A007CB841 /* Frameworks */,
				BB1225421EE58E2A007CB841 /* Resources */,
			);
			buildRules = (
			);
			dependencies = (
				BB12254A1EE58E2A007CB841 /* PBXTargetDependency */,
			);
			name = MVVMSampleUITests;
			productName = MVVMSampleUITests;
			productReference = BB1225441EE58E2A007CB841 /* MVVMSampleUITests.xctest */;
			productType = "com.apple.product-type.bundle.ui-testing";
		};
		BB98969E1ECDAA0900A35DEC /* MVVMSample */ = {
			isa = PBXNativeTarget;
			buildConfigurationList = BB9896B11ECDAA0900A35DEC /* Build configuration list for PBXNativeTarget "MVVMSample" */;
			buildPhases = (
				BB98969B1ECDAA0900A35DEC /* Sources */,
				BB98969C1ECDAA0900A35DEC /* Frameworks */,
				BB98969D1ECDAA0900A35DEC /* Resources */,
				BBA2B6831EE0269500F52E38 /* ShellScript */,
			);
			buildRules = (
			);
			dependencies = (
			);
			name = MVVMSample;
			productName = MVVMSample;
			productReference = BB98969F1ECDAA0900A35DEC /* MVVMSample.app */;
			productType = "com.apple.product-type.application";
		};
/* End PBXNativeTarget section */

/* Begin PBXProject section */
		BB9896971ECDAA0900A35DEC /* Project object */ = {
			isa = PBXProject;
			attributes = {
				LastSwiftUpdateCheck = 0830;
				LastUpgradeCheck = 0820;
				ORGANIZATIONNAME = Bhavna;
				TargetAttributes = {
					BB1225351EE58E0D007CB841 = {
						CreatedOnToolsVersion = 8.3.2;
						ProvisioningStyle = Automatic;
						TestTargetID = BB98969E1ECDAA0900A35DEC;
					};
					BB1225431EE58E2A007CB841 = {
						CreatedOnToolsVersion = 8.3.2;
						ProvisioningStyle = Automatic;
						TestTargetID = BB98969E1ECDAA0900A35DEC;
					};
					BB98969E1ECDAA0900A35DEC = {
						CreatedOnToolsVersion = 8.2;
						DevelopmentTeam = 99KGD8YX8H;
						ProvisioningStyle = Automatic;
					};
				};
			};
			buildConfigurationList = BB98969A1ECDAA0900A35DEC /* Build configuration list for PBXProject "MVVMSample" */;
			compatibilityVersion = "Xcode 3.2";
			developmentRegion = English;
			hasScannedForEncodings = 0;
			knownRegions = (
				en,
				Base,
			);
			mainGroup = BB9896961ECDAA0900A35DEC;
			productRefGroup = BB9896A01ECDAA0900A35DEC /* Products */;
			projectDirPath = "";
			projectRoot = "";
			targets = (
				BB98969E1ECDAA0900A35DEC /* MVVMSample */,
				BB1225351EE58E0D007CB841 /* MVVMSampleTests */,
				BB1225431EE58E2A007CB841 /* MVVMSampleUITests */,
			);
		};
/* End PBXProject section */

/* Begin PBXResourcesBuildPhase section */
		BB1225341EE58E0D007CB841 /* Resources */ = {
			isa = PBXResourcesBuildPhase;
			buildActionMask = 2147483647;
			files = (
			);
			runOnlyForDeploymentPostprocessing = 0;
		};
		BB1225421EE58E2A007CB841 /* Resources */ = {
			isa = PBXResourcesBuildPhase;
			buildActionMask = 2147483647;
			files = (
			);
			runOnlyForDeploymentPostprocessing = 0;
		};
		BB98969D1ECDAA0900A35DEC /* Resources */ = {
			isa = PBXResourcesBuildPhase;
			buildActionMask = 2147483647;
			files = (
				BB174F081ECEEEE8001798FC /* ItemCell.xib in Resources */,
				BB9896AD1ECDAA0900A35DEC /* LaunchScreen.storyboard in Resources */,
				BB9896AA1ECDAA0900A35DEC /* Assets.xcassets in Resources */,
				BB9896A81ECDAA0900A35DEC /* Main.storyboard in Resources */,
			);
			runOnlyForDeploymentPostprocessing = 0;
		};
/* End PBXResourcesBuildPhase section */

/* Begin PBXShellScriptBuildPhase section */
		BBA2B6831EE0269500F52E38 /* ShellScript */ = {
			isa = PBXShellScriptBuildPhase;
			buildActionMask = 2147483647;
			files = (
			);
			inputPaths = (
			);
			outputPaths = (
			);
			runOnlyForDeploymentPostprocessing = 0;
			shellPath = /bin/sh;
			shellScript = "if which swiftlint >/dev/null; then\nswiftlint\nelse\necho \"warning: SwiftLint not installed, download from https://github.com/realm/SwiftLint\"\nfi";
		};
/* End PBXShellScriptBuildPhase section */

/* Begin PBXSourcesBuildPhase section */
		BB1225321EE58E0D007CB841 /* Sources */ = {
			isa = PBXSourcesBuildPhase;
			buildActionMask = 2147483647;
			files = (
				BB12255F1EE592AC007CB841 /* AppDelegate.swift in Sources */,
				BB1225531EE59294007CB841 /* ViewController.swift in Sources */,
				BB1225571EE5929B007CB841 /* Date+Extensions.swift in Sources */,
				BB1225591EE5929F007CB841 /* ToDoItem.swift in Sources */,
				BB1225391EE58E0D007CB841 /* MVVMSampleTests.swift in Sources */,
				BB12255D1EE592A8007CB841 /* ItemCell.swift in Sources */,
				BB12255B1EE592A4007CB841 /* CellRepresentable.swift in Sources */,
				BB1225551EE59297007CB841 /* AddNewToDoVC.swift in Sources */,
			);
			runOnlyForDeploymentPostprocessing = 0;
		};
		BB1225401EE58E2A007CB841 /* Sources */ = {
			isa = PBXSourcesBuildPhase;
			buildActionMask = 2147483647;
			files = (
				BB1225601EE592AD007CB841 /* AppDelegate.swift in Sources */,
				BB1225541EE59294007CB841 /* ViewController.swift in Sources */,
				BB1225581EE5929C007CB841 /* Date+Extensions.swift in Sources */,
				BB12255A1EE592A0007CB841 /* ToDoItem.swift in Sources */,
				BB1225471EE58E2A007CB841 /* MVVMSampleUITests.swift in Sources */,
				BB12255E1EE592A9007CB841 /* ItemCell.swift in Sources */,
				BB12255C1EE592A4007CB841 /* CellRepresentable.swift in Sources */,
				BB1225561EE59298007CB841 /* AddNewToDoVC.swift in Sources */,
			);
			runOnlyForDeploymentPostprocessing = 0;
		};
		BB98969B1ECDAA0900A35DEC /* Sources */ = {
			isa = PBXSourcesBuildPhase;
			buildActionMask = 2147483647;
			files = (
				BB174F071ECEEEE8001798FC /* ItemCell.swift in Sources */,
				BB9896A51ECDAA0900A35DEC /* ViewController.swift in Sources */,
				BB9896C71ECDCE7800A35DEC /* AddNewToDoVC.swift in Sources */,
				BB9896A31ECDAA0900A35DEC /* AppDelegate.swift in Sources */,
				BB9896BB1ECDBCD900A35DEC /* CellRepresentable.swift in Sources */,
				BB9896B91ECDBA4400A35DEC /* ToDoItem.swift in Sources */,
				BB9896C51ECDCBEA00A35DEC /* Date+Extensions.swift in Sources */,
			);
			runOnlyForDeploymentPostprocessing = 0;
		};
/* End PBXSourcesBuildPhase section */

/* Begin PBXTargetDependency section */
		BB12253C1EE58E0D007CB841 /* PBXTargetDependency */ = {
			isa = PBXTargetDependency;
			target = BB98969E1ECDAA0900A35DEC /* MVVMSample */;
			targetProxy = BB12253B1EE58E0D007CB841 /* PBXContainerItemProxy */;
		};
		BB12254A1EE58E2A007CB841 /* PBXTargetDependency */ = {
			isa = PBXTargetDependency;
			target = BB98969E1ECDAA0900A35DEC /* MVVMSample */;
			targetProxy = BB1225491EE58E2A007CB841 /* PBXContainerItemProxy */;
		};
/* End PBXTargetDependency section */

/* Begin PBXVariantGroup section */
		BB9896A61ECDAA0900A35DEC /* Main.storyboard */ = {
			isa = PBXVariantGroup;
			children = (
				BB9896A71ECDAA0900A35DEC /* Base */,
			);
			name = Main.storyboard;
			sourceTree = "<group>";
		};
		BB9896AB1ECDAA0900A35DEC /* LaunchScreen.storyboard */ = {
			isa = PBXVariantGroup;
			children = (
				BB9896AC1ECDAA0900A35DEC /* Base */,
			);
			name = LaunchScreen.storyboard;
			sourceTree = "<group>";
		};
/* End PBXVariantGroup section */

/* Begin XCBuildConfiguration section */
		BB12253D1EE58E0D007CB841 /* Debug */ = {
			isa = XCBuildConfiguration;
			buildSettings = {
				BUNDLE_LOADER = "$(TEST_HOST)";
				CLANG_ANALYZER_NUMBER_OBJECT_CONVERSION = YES_AGGRESSIVE;
				INFOPLIST_FILE = MVVMSampleTests/Info.plist;
				IPHONEOS_DEPLOYMENT_TARGET = 10.3;
				LD_RUNPATH_SEARCH_PATHS = "$(inherited) @executable_path/Frameworks @loader_path/Frameworks";
				PRODUCT_BUNDLE_IDENTIFIER = com.metacube.MVVMSampleTests;
				PRODUCT_NAME = "$(TARGET_NAME)";
				SWIFT_VERSION = 3.0;
				TEST_HOST = "$(BUILT_PRODUCTS_DIR)/MVVMSample.app/MVVMSample";
			};
			name = Debug;
		};
		BB12253E1EE58E0D007CB841 /* Release */ = {
			isa = XCBuildConfiguration;
			buildSettings = {
				BUNDLE_LOADER = "$(TEST_HOST)";
				CLANG_ANALYZER_NUMBER_OBJECT_CONVERSION = YES_AGGRESSIVE;
				INFOPLIST_FILE = MVVMSampleTests/Info.plist;
				IPHONEOS_DEPLOYMENT_TARGET = 10.3;
				LD_RUNPATH_SEARCH_PATHS = "$(inherited) @executable_path/Frameworks @loader_path/Frameworks";
				PRODUCT_BUNDLE_IDENTIFIER = com.metacube.MVVMSampleTests;
				PRODUCT_NAME = "$(TARGET_NAME)";
				SWIFT_VERSION = 3.0;
				TEST_HOST = "$(BUILT_PRODUCTS_DIR)/MVVMSample.app/MVVMSample";
			};
			name = Release;
		};
		BB12254C1EE58E2A007CB841 /* Debug */ = {
			isa = XCBuildConfiguration;
			buildSettings = {
				CLANG_ANALYZER_NUMBER_OBJECT_CONVERSION = YES_AGGRESSIVE;
				INFOPLIST_FILE = MVVMSampleUITests/Info.plist;
				IPHONEOS_DEPLOYMENT_TARGET = 10.3;
				LD_RUNPATH_SEARCH_PATHS = "$(inherited) @executable_path/Frameworks @loader_path/Frameworks";
				PRODUCT_BUNDLE_IDENTIFIER = com.metacube.MVVMSampleUITests;
				PRODUCT_NAME = "$(TARGET_NAME)";
				SWIFT_VERSION = 3.0;
				TEST_TARGET_NAME = MVVMSample;
			};
			name = Debug;
		};
		BB12254D1EE58E2A007CB841 /* Release */ = {
			isa = XCBuildConfiguration;
			buildSettings = {
				CLANG_ANALYZER_NUMBER_OBJECT_CONVERSION = YES_AGGRESSIVE;
				INFOPLIST_FILE = MVVMSampleUITests/Info.plist;
				IPHONEOS_DEPLOYMENT_TARGET = 10.3;
				LD_RUNPATH_SEARCH_PATHS = "$(inherited) @executable_path/Frameworks @loader_path/Frameworks";
				PRODUCT_BUNDLE_IDENTIFIER = com.metacube.MVVMSampleUITests;
				PRODUCT_NAME = "$(TARGET_NAME)";
				SWIFT_VERSION = 3.0;
				TEST_TARGET_NAME = MVVMSample;
			};
			name = Release;
		};
		BB9896AF1ECDAA0900A35DEC /* Debug */ = {
			isa = XCBuildConfiguration;
			buildSettings = {
				ALWAYS_SEARCH_USER_PATHS = NO;
				CLANG_ANALYZER_NONNULL = YES;
				CLANG_CXX_LANGUAGE_STANDARD = "gnu++0x";
				CLANG_CXX_LIBRARY = "libc++";
				CLANG_ENABLE_MODULES = YES;
				CLANG_ENABLE_OBJC_ARC = YES;
				CLANG_WARN_BOOL_CONVERSION = YES;
				CLANG_WARN_CONSTANT_CONVERSION = YES;
				CLANG_WARN_DIRECT_OBJC_ISA_USAGE = YES_ERROR;
				CLANG_WARN_DOCUMENTATION_COMMENTS = YES;
				CLANG_WARN_EMPTY_BODY = YES;
				CLANG_WARN_ENUM_CONVERSION = YES;
				CLANG_WARN_INFINITE_RECURSION = YES;
				CLANG_WARN_INT_CONVERSION = YES;
				CLANG_WARN_OBJC_ROOT_CLASS = YES_ERROR;
				CLANG_WARN_SUSPICIOUS_MOVE = YES;
				CLANG_WARN_UNREACHABLE_CODE = YES;
				CLANG_WARN__DUPLICATE_METHOD_MATCH = YES;
				"CODE_SIGN_IDENTITY[sdk=iphoneos*]" = "iPhone Developer";
				COPY_PHASE_STRIP = NO;
				DEBUG_INFORMATION_FORMAT = dwarf;
				ENABLE_STRICT_OBJC_MSGSEND = YES;
				ENABLE_TESTABILITY = YES;
				GCC_C_LANGUAGE_STANDARD = gnu99;
				GCC_DYNAMIC_NO_PIC = NO;
				GCC_NO_COMMON_BLOCKS = YES;
				GCC_OPTIMIZATION_LEVEL = 0;
				GCC_PREPROCESSOR_DEFINITIONS = (
					"DEBUG=1",
					"$(inherited)",
				);
				GCC_WARN_64_TO_32_BIT_CONVERSION = YES;
				GCC_WARN_ABOUT_RETURN_TYPE = YES_ERROR;
				GCC_WARN_UNDECLARED_SELECTOR = YES;
				GCC_WARN_UNINITIALIZED_AUTOS = YES_AGGRESSIVE;
				GCC_WARN_UNUSED_FUNCTION = YES;
				GCC_WARN_UNUSED_VARIABLE = YES;
				IPHONEOS_DEPLOYMENT_TARGET = 10.2;
				MTL_ENABLE_DEBUG_INFO = YES;
				ONLY_ACTIVE_ARCH = YES;
				SDKROOT = iphoneos;
				SWIFT_ACTIVE_COMPILATION_CONDITIONS = DEBUG;
				SWIFT_OPTIMIZATION_LEVEL = "-Onone";
			};
			name = Debug;
		};
		BB9896B01ECDAA0900A35DEC /* Release */ = {
			isa = XCBuildConfiguration;
			buildSettings = {
				ALWAYS_SEARCH_USER_PATHS = NO;
				CLANG_ANALYZER_NONNULL = YES;
				CLANG_CXX_LANGUAGE_STANDARD = "gnu++0x";
				CLANG_CXX_LIBRARY = "libc++";
				CLANG_ENABLE_MODULES = YES;
				CLANG_ENABLE_OBJC_ARC = YES;
				CLANG_WARN_BOOL_CONVERSION = YES;
				CLANG_WARN_CONSTANT_CONVERSION = YES;
				CLANG_WARN_DIRECT_OBJC_ISA_USAGE = YES_ERROR;
				CLANG_WARN_DOCUMENTATION_COMMENTS = YES;
				CLANG_WARN_EMPTY_BODY = YES;
				CLANG_WARN_ENUM_CONVERSION = YES;
				CLANG_WARN_INFINITE_RECURSION = YES;
				CLANG_WARN_INT_CONVERSION = YES;
				CLANG_WARN_OBJC_ROOT_CLASS = YES_ERROR;
				CLANG_WARN_SUSPICIOUS_MOVE = YES;
				CLANG_WARN_UNREACHABLE_CODE = YES;
				CLANG_WARN__DUPLICATE_METHOD_MATCH = YES;
				"CODE_SIGN_IDENTITY[sdk=iphoneos*]" = "iPhone Developer";
				COPY_PHASE_STRIP = NO;
				DEBUG_INFORMATION_FORMAT = "dwarf-with-dsym";
				ENABLE_NS_ASSERTIONS = NO;
				ENABLE_STRICT_OBJC_MSGSEND = YES;
				GCC_C_LANGUAGE_STANDARD = gnu99;
				GCC_NO_COMMON_BLOCKS = YES;
				GCC_WARN_64_TO_32_BIT_CONVERSION = YES;
				GCC_WARN_ABOUT_RETURN_TYPE = YES_ERROR;
				GCC_WARN_UNDECLARED_SELECTOR = YES;
				GCC_WARN_UNINITIALIZED_AUTOS = YES_AGGRESSIVE;
				GCC_WARN_UNUSED_FUNCTION = YES;
				GCC_WARN_UNUSED_VARIABLE = YES;
				IPHONEOS_DEPLOYMENT_TARGET = 10.2;
				MTL_ENABLE_DEBUG_INFO = NO;
				SDKROOT = iphoneos;
				SWIFT_OPTIMIZATION_LEVEL = "-Owholemodule";
				VALIDATE_PRODUCT = YES;
			};
			name = Release;
		};
		BB9896B21ECDAA0900A35DEC /* Debug */ = {
			isa = XCBuildConfiguration;
			buildSettings = {
				ASSETCATALOG_COMPILER_APPICON_NAME = AppIcon;
				DEVELOPMENT_TEAM = 99KGD8YX8H;
				INFOPLIST_FILE = MVVMSample/Info.plist;
				LD_RUNPATH_SEARCH_PATHS = "$(inherited) @executable_path/Frameworks";
				PRODUCT_BUNDLE_IDENTIFIER = com.metacube.MVVMSample;
				PRODUCT_NAME = "$(TARGET_NAME)";
				SWIFT_VERSION = 3.0;
			};
			name = Debug;
		};
		BB9896B31ECDAA0900A35DEC /* Release */ = {
			isa = XCBuildConfiguration;
			buildSettings = {
				ASSETCATALOG_COMPILER_APPICON_NAME = AppIcon;
				DEVELOPMENT_TEAM = 99KGD8YX8H;
				INFOPLIST_FILE = MVVMSample/Info.plist;
				LD_RUNPATH_SEARCH_PATHS = "$(inherited) @executable_path/Frameworks";
				PRODUCT_BUNDLE_IDENTIFIER = com.metacube.MVVMSample;
				PRODUCT_NAME = "$(TARGET_NAME)";
				SWIFT_VERSION = 3.0;
			};
			name = Release;
		};
/* End XCBuildConfiguration section */

/* Begin XCConfigurationList section */
		BB12253F1EE58E0D007CB841 /* Build configuration list for PBXNativeTarget "MVVMSampleTests" */ = {
			isa = XCConfigurationList;
			buildConfigurations = (
				BB12253D1EE58E0D007CB841 /* Debug */,
				BB12253E1EE58E0D007CB841 /* Release */,
			);
			defaultConfigurationIsVisible = 0;
		};
		BB12254B1EE58E2A007CB841 /* Build configuration list for PBXNativeTarget "MVVMSampleUITests" */ = {
			isa = XCConfigurationList;
			buildConfigurations = (
				BB12254C1EE58E2A007CB841 /* Debug */,
				BB12254D1EE58E2A007CB841 /* Release */,
			);
			defaultConfigurationIsVisible = 0;
		};
		BB98969A1ECDAA0900A35DEC /* Build configuration list for PBXProject "MVVMSample" */ = {
			isa = XCConfigurationList;
			buildConfigurations = (
				BB9896AF1ECDAA0900A35DEC /* Debug */,
				BB9896B01ECDAA0900A35DEC /* Release */,
			);
			defaultConfigurationIsVisible = 0;
			defaultConfigurationName = Release;
		};
		BB9896B11ECDAA0900A35DEC /* Build configuration list for PBXNativeTarget "MVVMSample" */ = {
			isa = XCConfigurationList;
			buildConfigurations = (
				BB9896B21ECDAA0900A35DEC /* Debug */,
				BB9896B31ECDAA0900A35DEC /* Release */,
			);
			defaultConfigurationIsVisible = 0;
			defaultConfigurationName = Release;
		};
/* End XCConfigurationList section */
	};
	rootObject = BB9896971ECDAA0900A35DEC /* Project object */;
}
